
Microsoft Visual Studio Solution File, Format Version 12.00
# Visual Studio Version 17
VisualStudioVersion = 17.7.34221.43
MinimumVisualStudioVersion = 10.0.40219.1
Project("{8BC9CEB8-8B4A-11D0-8D11-00A0C91BC942}") = "BF2 EOS", "BF2 EOS\BF2 EOS.vcxproj", "{87A1EC46-4A50-4A89-9F09-868FC7E30811}"
EndProject
Global
	GlobalSection(SolutionConfigurationPlatforms) = preSolution
		Debug|x64 = Debug|x64
		Debug|x86 = Debug|x86
		Release|x64 = Release|x64
		Release|x86 = Release|x86
	EndGlobalSection
	GlobalSection(ProjectConfigurationPlatforms) = postSolution
		{87A1EC46-4A50-4A89-9F09-868FC7E30811}.Debug|x64.ActiveCfg = Debug|x64
		{87A1EC46-4A50-4A89-9F09-868FC7E30811}.Debug|x64.Build.0 = Debug|x64
		{87A1EC46-4A50-4A89-9F09-868FC7E30811}.Debug|x86.ActiveCfg = Debug|Win32
		{87A1EC46-4A50-4A89-9F09-868FC7E30811}.Debug|x86.Build.0 = Debug|Win32
		{87A1EC46-4A50-4A89-9F09-868FC7E30811}.Release|x64.ActiveCfg = Release|x64
		{87A1EC46-4A50-4A89-9F09-868FC7E30811}.Release|x64.Build.0 = Release|x64
		{87A1EC46-4A50-4A89-9F09-868FC7E30811}.Release|x86.ActiveCfg = Release|Win32
		{87A1EC46-4A50-4A89-9F09-868FC7E30811}.Release|x86.Build.0 = Release|Win32
	EndGlobalSection
	GlobalSection(SolutionProperties) = preSolution
		HideSolutionNode = FALSE
	EndGlobalSection
	GlobalSection(ExtensibilityGlobals) = postSolution
		SolutionGuid = {C84633AC-8945-4716-AC22-19B5817E2108}
	EndGlobalSection
EndGlobal
